# This file was autogenerated by Stack.
# You should not edit this file by hand.
# For more information, please see the documentation at:
#   https://docs.haskellstack.org/en/stable/lock_files

packages:
- completed:
    hackage: reflex-0.8.1.0@sha256:9921c12b19950a3d07b4253b3bc9068d59b3d7c82f637a62f5546c81c1a1be46,11932
    pantry-tree:
      size: 4587
      sha256: c1d4d6608710d3a830568bf8543dda0c24e417344bcda26669ca7ad0667a0d58
  original:
    hackage: reflex-0.8.1.0
- completed:
    hackage: dbus-1.2.21@sha256:66829ceff7b0e6f99db5d84381b156c2de32dc594d3eea8a3d804c166ed5b3c9,5095
    pantry-tree:
      size: 2795
      sha256: 7fbaca6fb903797a57be957e80613a708677c14b47e643d79c4b5e488edc9f04
  original:
    hackage: dbus-1.2.21
- completed:
    hackage: fltkhs-0.8.0.3@sha256:90046b0e95d6859aafe0d333876ced95f71f73e5c43173d5a64189350b461b5d,14196
    pantry-tree:
      size: 34926
      sha256: 6538e350bf1633d4b846c7b0fdab33efe8526cefa8d2b21ab5e10033a4175cd1
  original:
    hackage: fltkhs-0.8.0.3
- completed:
    hackage: constraints-extras-0.3.1.0@sha256:c70fcf437e1d640cfd50a8eda1db47a64e49c96857e08fd0d8c438327d908ac1,1846
    pantry-tree:
      size: 595
      sha256: f29920355b21ef7a7218573591aa740b01b3d1fb3b0bbd66e2f726d091d56fb2
  original:
    hackage: constraints-extras-0.3.1.0
snapshots:
- completed:
    size: 567675
    url: https://raw.githubusercontent.com/commercialhaskell/stackage-snapshots/master/lts/17/13.yaml
    sha256: 84fa3ab606af79b1239ec213e8db5d49e4857f461eda9ac61fe589c967643b7d
  original: lts-17.13
